# This file is automatically @generated by Cargo.
# It is not intended for manual editing.
version = 4

[[package]]
name = "a10"
version = "0.4.1"
source = "git+https://github.com/Thomasdezeeuw/a10.git?rev=a594c4bc7631e92529fcc0e04dff3f3d3c76ab8b#a594c4bc7631e92529fcc0e04dff3f3d3c76ab8b"
dependencies = [
 "libc",
 "log",
]

[[package]]
name = "erased-serde"
version = "0.4.9"
source = "registry+https://github.com/rust-lang/crates.io-index"
checksum = "89e8918065695684b2b0702da20382d5ae6065cf3327bc2d6436bd49a71ce9f3"
dependencies = [
 "serde",
 "serde_core",
 "typeid",
]

[[package]]
name = "heph"
version = "0.5.0"
source = "git+https://github.com/Thomasdezeeuw/heph.git?rev=f9db8933ff2ebb7ae754c5dc79c0fb6689f969ae#f9db8933ff2ebb7ae754c5dc79c0fb6689f969ae"
dependencies = [
 "heph-inbox",
 "log",
]

[[package]]
name = "heph-inbox"
version = "0.2.3"
source = "git+https://github.com/Thomasdezeeuw/heph.git?rev=f9db8933ff2ebb7ae754c5dc79c0fb6689f969ae#f9db8933ff2ebb7ae754c5dc79c0fb6689f969ae"

[[package]]
name = "heph-rt"
version = "0.5.0"
source = "git+https://github.com/Thomasdezeeuw/heph.git?rev=f9db8933ff2ebb7ae754c5dc79c0fb6689f969ae#f9db8933ff2ebb7ae754c5dc79c0fb6689f969ae"
dependencies = [
 "a10",
 "heph",
 "heph-inbox",
 "libc",
 "log",
]

[[package]]
name = "itoa"
version = "1.0.17"
source = "registry+https://github.com/rust-lang/crates.io-index"
checksum = "92ecc6618181def0457392ccd0ee51198e065e016d1d527a7ac1b6dc7c1f09d2"

[[package]]
name = "libc"
version = "0.2.182"
source = "registry+https://github.com/rust-lang/crates.io-index"
checksum = "6800badb6cb2082ffd7b6a67e6125bb39f18782f793520caee8cb8846be06112"

[[package]]
name = "log"
version = "0.4.29"
source = "registry+https://github.com/rust-lang/crates.io-index"
checksum = "5e5032e24019045c762d3c0f28f5b6b8bbf38563a65908389bf7978758920897"
dependencies = [
 "value-bag",
]

[[package]]
name = "proc-macro2"
version = "1.0.106"
source = "registry+https://github.com/rust-lang/crates.io-index"
checksum = "8fd00f0bb2e90d81d1044c2b32617f68fcb9fa3bb7640c23e9c748e53fb30934"
dependencies = [
 "unicode-ident",
]

[[package]]
name = "quote"
version = "1.0.44"
source = "registry+https://github.com/rust-lang/crates.io-index"
checksum = "21b2ebcf727b7760c461f091f9f0f539b77b8e87f2fd88131e7f1b433b3cece4"
dependencies = [
 "proc-macro2",
]

[[package]]
name = "react"
version = "0.1.0"
dependencies = [
 "heph",
 "heph-rt",
 "libc",
 "log",
 "std-logger",
]

[[package]]
name = "ryu"
version = "1.0.23"
source = "registry+https://github.com/rust-lang/crates.io-index"
checksum = "9774ba4a74de5f7b1c1451ed6cd5285a32eddb5cccb8cc655a4e50009e06477f"

[[package]]
name = "serde"
version = "1.0.228"
source = "registry+https://github.com/rust-lang/crates.io-index"
checksum = "9a8e94ea7f378bd32cbbd37198a4a91436180c5bb472411e48b5ec2e2124ae9e"
dependencies = [
 "serde_core",
]

[[package]]
name = "serde_core"
version = "1.0.228"
source = "registry+https://github.com/rust-lang/crates.io-index"
checksum = "41d385c7d4ca58e59fc732af25c3983b67ac852c1a25000afe1175de458b67ad"
dependencies = [
 "serde_derive",
]

[[package]]
name = "serde_derive"
version = "1.0.228"
source = "registry+https://github.com/rust-lang/crates.io-index"
checksum = "d540f220d3187173da220f885ab66608367b6574e925011a9353e4badda91d79"
dependencies = [
 "proc-macro2",
 "quote",
 "syn",
]

[[package]]
name = "serde_fmt"
version = "1.1.0"
source = "registry+https://github.com/rust-lang/crates.io-index"
checksum = "6e497af288b3b95d067a23a4f749f2861121ffcb2f6d8379310dcda040c345ed"
dependencies = [
 "serde_core",
]

[[package]]
name = "std-logger"
version = "0.5.8"
source = "registry+https://github.com/rust-lang/crates.io-index"
checksum = "8caabc44fb553e203ad4786d114a454f057e1cc0094fb63accc9b2b04afe3169"
dependencies = [
 "itoa",
 "log",
 "zmij",
]

[[package]]
name = "sval"
version = "2.17.0"
source = "registry+https://github.com/rust-lang/crates.io-index"
checksum = "c1aaf178a50bbdd86043fce9bf0a5867007d9b382db89d1c96ccae4601ff1ff9"

[[package]]
name = "sval_buffer"
version = "2.17.0"
source = "registry+https://github.com/rust-lang/crates.io-index"
checksum = "f89273e48f03807ebf51c4d81c52f28d35ffa18a593edf97e041b52de143df89"
dependencies = [
 "sval",
 "sval_ref",
]

[[package]]
name = "sval_dynamic"
version = "2.17.0"
source = "registry+https://github.com/rust-lang/crates.io-index"
checksum = "0430f4e18e7eba21a49d10d25a8dec3ce0e044af40b162347e99a8e3c3ced864"
dependencies = [
 "sval",
]

[[package]]
name = "sval_fmt"
version = "2.17.0"
source = "registry+https://github.com/rust-lang/crates.io-index"
checksum = "835f51b9d7331b9d7fc48fc716c02306fa88c4a076b1573531910c91a525882d"
dependencies = [
 "itoa",
 "ryu",
 "sval",
]

[[package]]
name = "sval_json"
version = "2.17.0"
source = "registry+https://github.com/rust-lang/crates.io-index"
checksum = "13cbfe3ef406ee2366e7e8ab3678426362085fa9eaedf28cb878a967159dced3"
dependencies = [
 "itoa",
 "ryu",
 "sval",
]

[[package]]
name = "sval_nested"
version = "2.17.0"
source = "registry+https://github.com/rust-lang/crates.io-index"
checksum = "8b20358af4af787c34321a86618c3cae12eabdd0e9df22cd9dd2c6834214c518"
dependencies = [
 "sval",
 "sval_buffer",
 "sval_ref",
]

[[package]]
name = "sval_ref"
version = "2.17.0"
source = "registry+https://github.com/rust-lang/crates.io-index"
checksum = "fb5e500f8eb2efa84f75e7090f7fc43f621b9f8b6cde571c635b3855f97b332a"
dependencies = [
 "sval",
]

[[package]]
name = "sval_serde"
version = "2.17.0"
source = "registry+https://github.com/rust-lang/crates.io-index"
checksum = "ca2032ae39b11dcc6c18d5fbc50a661ea191cac96484c59ccf49b002261ca2c1"
dependencies = [
 "serde_core",
 "sval",
 "sval_nested",
]

[[package]]
name = "syn"
version = "2.0.115"
source = "registry+https://github.com/rust-lang/crates.io-index"
checksum = "6e614ed320ac28113fa64972c4262d5dbc89deacdfd00c34a3e4cea073243c12"
dependencies = [
 "proc-macro2",
 "quote",
 "unicode-ident",
]

[[package]]
name = "typeid"
version = "1.0.3"
source = "registry+https://github.com/rust-lang/crates.io-index"
checksum = "bc7d623258602320d5c55d1bc22793b57daff0ec7efc270ea7d55ce1d5f5471c"

[[package]]
name = "unicode-ident"
version = "1.0.23"
source = "registry+https://github.com/rust-lang/crates.io-index"
checksum = "537dd038a89878be9b64dd4bd1b260315c1bb94f4d784956b81e27a088d9a09e"

[[package]]
name = "value-bag"
version = "1.12.0"
source = "registry+https://github.com/rust-lang/crates.io-index"
checksum = "7ba6f5989077681266825251a52748b8c1d8a4ad098cc37e440103d0ea717fc0"
dependencies = [
 "value-bag-serde1",
 "value-bag-sval2",
]

[[package]]
name = "value-bag-serde1"
version = "1.12.0"
source = "registry+https://github.com/rust-lang/crates.io-index"
checksum = "16530907bfe2999a1773ca5900a65101e092c70f642f25cc23ca0c43573262c5"
dependencies = [
 "erased-serde",
 "serde_core",
 "serde_fmt",
]

[[package]]
name = "value-bag-sval2"
version = "1.12.0"
source = "registry+https://github.com/rust-lang/crates.io-index"
checksum = "d00ae130edd690eaa877e4f40605d534790d1cf1d651e7685bd6a144521b251f"
dependencies = [
 "sval",
 "sval_buffer",
 "sval_dynamic",
 "sval_fmt",
 "sval_json",
 "sval_ref",
 "sval_serde",
]

[[package]]
name = "zmij"
version = "1.0.21"
source = "registry+https://github.com/rust-lang/crates.io-index"
checksum = "b8848ee67ecc8aedbaf3e4122217aff892639231befc6a1b58d29fff4c2cabaa"
